
Microsoft Visual Studio Solution File, Format Version 12.00
# Visual Studio Version 17
VisualStudioVersion = 17.3.32929.385
MinimumVisualStudioVersion = 10.0.40219.1
Project("{9A19103F-16F7-4668-BE54-9A1E7A4F7556}") = "DesignPatternImplementations", "DesignPatternImplementations\DesignPatternImplementations.csproj", "{CD51B346-C352-46C7-90CB-3D04981E0425}"
EndProject
Project("{9A19103F-16F7-4668-BE54-9A1E7A4F7556}") = "StrategyPattern", "StrategyPattern\StrategyPattern.csproj", "{0AE280C1-5936-452F-8EF3-297F283F04EA}"
EndProject
Project("{9A19103F-16F7-4668-BE54-9A1E7A4F7556}") = "ObserverPattern", "ObserverPattern\ObserverPattern.csproj", "{376F8E8F-60C3-45A9-9518-18458AE69E11}"
EndProject
Project("{9A19103F-16F7-4668-BE54-9A1E7A4F7556}") = "DecoratorPattern", "DecoratorPattern\DecoratorPattern.csproj", "{671DB13F-D1EA-4685-BF44-ED35B7D8ADFE}"
EndProject
Project("{9A19103F-16F7-4668-BE54-9A1E7A4F7556}") = "FactoryMethodPattern", "FactoryMethodPattern\FactoryMethodPattern.csproj", "{4C021A56-B076-43FB-B983-82F59F1CC8FD}"
EndProject
Project("{9A19103F-16F7-4668-BE54-9A1E7A4F7556}") = "CommandPattern", "CommandPattern\CommandPattern.csproj", "{E464157B-FF24-4C5B-9124-53413413ABFB}"
EndProject
Project("{FAE04EC0-301F-11D3-BF4B-00C04F79EFBC}") = "AdapterPattern", "AdapterPattern\AdapterPattern.csproj", "{A3073EBA-9ECC-482B-A7A3-1F3A2F232CC1}"
EndProject
Global
	GlobalSection(SolutionConfigurationPlatforms) = preSolution
		Debug|Any CPU = Debug|Any CPU
		Release|Any CPU = Release|Any CPU
	EndGlobalSection
	GlobalSection(ProjectConfigurationPlatforms) = postSolution
		{CD51B346-C352-46C7-90CB-3D04981E0425}.Debug|Any CPU.ActiveCfg = Debug|Any CPU
		{CD51B346-C352-46C7-90CB-3D04981E0425}.Debug|Any CPU.Build.0 = Debug|Any CPU
		{CD51B346-C352-46C7-90CB-3D04981E0425}.Release|Any CPU.ActiveCfg = Release|Any CPU
		{CD51B346-C352-46C7-90CB-3D04981E0425}.Release|Any CPU.Build.0 = Release|Any CPU
		{0AE280C1-5936-452F-8EF3-297F283F04EA}.Debug|Any CPU.ActiveCfg = Debug|Any CPU
		{0AE280C1-5936-452F-8EF3-297F283F04EA}.Debug|Any CPU.Build.0 = Debug|Any CPU
		{0AE280C1-5936-452F-8EF3-297F283F04EA}.Release|Any CPU.ActiveCfg = Release|Any CPU
		{0AE280C1-5936-452F-8EF3-297F283F04EA}.Release|Any CPU.Build.0 = Release|Any CPU
		{376F8E8F-60C3-45A9-9518-18458AE69E11}.Debug|Any CPU.ActiveCfg = Debug|Any CPU
		{376F8E8F-60C3-45A9-9518-18458AE69E11}.Debug|Any CPU.Build.0 = Debug|Any CPU
		{376F8E8F-60C3-45A9-9518-18458AE69E11}.Release|Any CPU.ActiveCfg = Release|Any CPU
		{376F8E8F-60C3-45A9-9518-18458AE69E11}.Release|Any CPU.Build.0 = Release|Any CPU
		{671DB13F-D1EA-4685-BF44-ED35B7D8ADFE}.Debug|Any CPU.ActiveCfg = Debug|Any CPU
		{671DB13F-D1EA-4685-BF44-ED35B7D8ADFE}.Debug|Any CPU.Build.0 = Debug|Any CPU
		{671DB13F-D1EA-4685-BF44-ED35B7D8ADFE}.Release|Any CPU.ActiveCfg = Release|Any CPU
		{671DB13F-D1EA-4685-BF44-ED35B7D8ADFE}.Release|Any CPU.Build.0 = Release|Any CPU
		{4C021A56-B076-43FB-B983-82F59F1CC8FD}.Debug|Any CPU.ActiveCfg = Debug|Any CPU
		{4C021A56-B076-43FB-B983-82F59F1CC8FD}.Debug|Any CPU.Build.0 = Debug|Any CPU
		{4C021A56-B076-43FB-B983-82F59F1CC8FD}.Release|Any CPU.ActiveCfg = Release|Any CPU
		{4C021A56-B076-43FB-B983-82F59F1CC8FD}.Release|Any CPU.Build.0 = Release|Any CPU
		{E464157B-FF24-4C5B-9124-53413413ABFB}.Debug|Any CPU.ActiveCfg = Debug|Any CPU
		{E464157B-FF24-4C5B-9124-53413413ABFB}.Debug|Any CPU.Build.0 = Debug|Any CPU
		{E464157B-FF24-4C5B-9124-53413413ABFB}.Release|Any CPU.ActiveCfg = Release|Any CPU
		{E464157B-FF24-4C5B-9124-53413413ABFB}.Release|Any CPU.Build.0 = Release|Any CPU
		{A3073EBA-9ECC-482B-A7A3-1F3A2F232CC1}.Debug|Any CPU.ActiveCfg = Debug|Any CPU
		{A3073EBA-9ECC-482B-A7A3-1F3A2F232CC1}.Debug|Any CPU.Build.0 = Debug|Any CPU
		{A3073EBA-9ECC-482B-A7A3-1F3A2F232CC1}.Release|Any CPU.ActiveCfg = Release|Any CPU
		{A3073EBA-9ECC-482B-A7A3-1F3A2F232CC1}.Release|Any CPU.Build.0 = Release|Any CPU
	EndGlobalSection
	GlobalSection(SolutionProperties) = preSolution
		HideSolutionNode = FALSE
	EndGlobalSection
	GlobalSection(ExtensibilityGlobals) = postSolution
		SolutionGuid = {27DCAC6E-3272-4216-9D52-56BFB8265A1A}
	EndGlobalSection
EndGlobal
