
Microsoft Visual Studio Solution File, Format Version 12.00
# Visual Studio Version 17
VisualStudioVersion = 17.3.32929.385
MinimumVisualStudioVersion = 10.0.40219.1
Project("{9A19103F-16F7-4668-BE54-9A1E7A4F7556}") = "DesignPatternImplementations", "DesignPatternImplementations\DesignPatternImplementations.csproj", "{CD51B346-C352-46C7-90CB-3D04981E0425}"
EndProject
Project("{FAE04EC0-301F-11D3-BF4B-00C04F79EFBC}") = "StrategyPattern", "StrategyPattern\StrategyPattern.csproj", "{0AE280C1-5936-452F-8EF3-297F283F04EA}"
EndProject
Global
	GlobalSection(SolutionConfigurationPlatforms) = preSolution
		Debug|Any CPU = Debug|Any CPU
		Release|Any CPU = Release|Any CPU
	EndGlobalSection
	GlobalSection(ProjectConfigurationPlatforms) = postSolution
		{CD51B346-C352-46C7-90CB-3D04981E0425}.Debug|Any CPU.ActiveCfg = Debug|Any CPU
		{CD51B346-C352-46C7-90CB-3D04981E0425}.Debug|Any CPU.Build.0 = Debug|Any CPU
		{CD51B346-C352-46C7-90CB-3D04981E0425}.Release|Any CPU.ActiveCfg = Release|Any CPU
		{CD51B346-C352-46C7-90CB-3D04981E0425}.Release|Any CPU.Build.0 = Release|Any CPU
		{0AE280C1-5936-452F-8EF3-297F283F04EA}.Debug|Any CPU.ActiveCfg = Debug|Any CPU
		{0AE280C1-5936-452F-8EF3-297F283F04EA}.Debug|Any CPU.Build.0 = Debug|Any CPU
		{0AE280C1-5936-452F-8EF3-297F283F04EA}.Release|Any CPU.ActiveCfg = Release|Any CPU
		{0AE280C1-5936-452F-8EF3-297F283F04EA}.Release|Any CPU.Build.0 = Release|Any CPU
	EndGlobalSection
	GlobalSection(SolutionProperties) = preSolution
		HideSolutionNode = FALSE
	EndGlobalSection
	GlobalSection(ExtensibilityGlobals) = postSolution
		SolutionGuid = {27DCAC6E-3272-4216-9D52-56BFB8265A1A}
	EndGlobalSection
EndGlobal
